{
  "version": 4,
  "terraform_version": "1.7.5",
  "serial": 8,
  "lineage": "2af82d7c-a81c-9551-5eef-212f98865cc4",
  "outputs": {},
  "resources": [
    {
      "mode": "data",
      "type": "aws_subnets",
      "name": "private_subnets",
      "provider": "provider[\"registry.terraform.io/hashicorp/aws\"]",
      "instances": [
        {
          "schema_version": 0,
          "attributes": {
            "filter": [
              {
                "name": "vpc-id",
                "values": [
                  ""
                ]
              }
            ],
            "id": "us-east-1",
            "ids": [],
            "tags": {
              "Tier": "Private"
            },
            "timeouts": null
          },
          "sensitive_attributes": []
        }
      ]
    },
    {
      "mode": "managed",
      "type": "aws_default_subnet",
      "name": "default_az",
      "provider": "provider[\"registry.terraform.io/hashicorp/aws\"]",
      "instances": [
        {
          "schema_version": 1,
          "attributes": {
            "arn": "arn:aws:ec2:us-east-1:235399281557:subnet/subnet-0bb37425535846df9",
            "assign_ipv6_address_on_creation": false,
            "availability_zone": "us-east-1a",
            "availability_zone_id": "use1-az2",
            "cidr_block": "172.31.80.0/20",
            "customer_owned_ipv4_pool": "",
            "enable_dns64": false,
            "enable_lni_at_device_index": 0,
            "enable_resource_name_dns_a_record_on_launch": false,
            "enable_resource_name_dns_aaaa_record_on_launch": false,
            "existing_default_subnet": true,
            "force_destroy": false,
            "id": "subnet-0bb37425535846df9",
            "ipv6_cidr_block": "",
            "ipv6_cidr_block_association_id": "",
            "ipv6_native": false,
            "map_customer_owned_ip_on_launch": false,
            "map_public_ip_on_launch": true,
            "outpost_arn": "",
            "owner_id": "235399281557",
            "private_dns_hostname_type_on_launch": "ip-name",
            "tags": {
              "Name": "Default subnet for us-west-2a"
            },
            "tags_all": {
              "Name": "Default subnet for us-west-2a"
            },
            "timeouts": null,
            "vpc_id": "vpc-0cfd5b46b6c0d8eac"
          },
          "sensitive_attributes": [],
          "private": "eyJlMmJmYjczMC1lY2FhLTExZTYtOGY4OC0zNDM2M2JjN2M0YzAiOnsiY3JlYXRlIjo2MDAwMDAwMDAwMDAsImRlbGV0ZSI6MTIwMDAwMDAwMDAwMH0sInNjaGVtYV92ZXJzaW9uIjoiMSJ9",
          "create_before_destroy": true
        }
      ]
    },
    {
      "mode": "managed",
      "type": "aws_default_vpc",
      "name": "default",
      "provider": "provider[\"registry.terraform.io/hashicorp/aws\"]",
      "instances": [
        {
          "schema_version": 1,
          "attributes": {
            "arn": "arn:aws:ec2:us-east-1:235399281557:vpc/vpc-0cfd5b46b6c0d8eac",
            "assign_generated_ipv6_cidr_block": false,
            "cidr_block": "172.31.0.0/16",
            "default_network_acl_id": "acl-06964619be3751114",
            "default_route_table_id": "rtb-068654cc9b6c50c2a",
            "default_security_group_id": "sg-0808dfc06045e1aff",
            "dhcp_options_id": "dopt-06086db11f678ce46",
            "enable_dns_hostnames": true,
            "enable_dns_support": true,
            "enable_network_address_usage_metrics": false,
            "existing_default_vpc": false,
            "force_destroy": false,
            "id": "vpc-0cfd5b46b6c0d8eac",
            "instance_tenancy": "default",
            "ipv6_association_id": "",
            "ipv6_cidr_block": "",
            "ipv6_cidr_block_network_border_group": "",
            "ipv6_ipam_pool_id": "",
            "ipv6_netmask_length": 0,
            "main_route_table_id": "rtb-068654cc9b6c50c2a",
            "owner_id": "235399281557",
            "tags": {
              "Name": "Default VPC"
            },
            "tags_all": {
              "Name": "Default VPC"
            }
          },
          "sensitive_attributes": [],
          "private": "eyJzY2hlbWFfdmVyc2lvbiI6IjEifQ=="
        }
      ]
    },
    {
      "mode": "managed",
      "type": "aws_key_pair",
      "name": "jenkins",
      "provider": "provider[\"registry.terraform.io/hashicorp/aws\"]",
      "instances": [
        {
          "schema_version": 1,
          "attributes": {
            "arn": "arn:aws:ec2:us-east-1:235399281557:key-pair/dev-jenkins-master-test",
            "fingerprint": "f6:f6:95:6d:0f:91:70:4f:20:11:3c:ab:d9:af:e0:db",
            "id": "dev-jenkins-master-test",
            "key_name": "dev-jenkins-master-test",
            "key_name_prefix": "",
            "key_pair_id": "key-0e50ccee096c021c7",
            "key_type": "rsa",
            "public_key": "ssh-rsa AAAAB3NzaC1yc2EAAAADAQABAAABAQCPuhVypF1cCOtLtHzG7hzLOK03aRL5Q3Ekw4WR5SqfB/IDr84fDW7hjWxt/WK6KjBrd5S+B07bFybcWIXUIRb5FDfYLa19pXRroD4xyfp6EuC9eJ1ljv5greJWNo0s7cD9BySSUOrEE2PS2nUhBzKx8Vhuv/2FnoADNjMXZqPJOlkuVeZ0W9Vdb9r2DjDiJ8LTLJZJreTdHIgLIy9Vq0A7oyVpgK4Z1osxZhnTuosb9ytzqjs3URVbwEgwhpzmhUiOg+1xgUZGBp0YUwqWRfmQlIgMbCP4+LjEUjJS/k+acrRQfWoqQyMRnP0BidyjkFZuvBYJDlRZRcps0UJxS/pV",
            "tags": {
              "business:CostCenter": "CHANGEME",
              "business:owner": "CHANGEME",
              "info:applicationID": "CHANGEME",
              "info:env": "CHANGEME",
              "stack_id": "dev"
            },
            "tags_all": {
              "business:CostCenter": "CHANGEME",
              "business:owner": "CHANGEME",
              "info:applicationID": "CHANGEME",
              "info:env": "CHANGEME",
              "stack_id": "dev"
            }
          },
          "sensitive_attributes": [],
          "private": "eyJzY2hlbWFfdmVyc2lvbiI6IjEifQ=="
        }
      ]
    },
    {
      "module": "module.jenkins_ec2",
      "mode": "managed",
      "type": "aws_autoscaling_group",
      "name": "jenkins_autoscaling_group",
      "provider": "provider[\"registry.terraform.io/hashicorp/aws\"]",
      "instances": [
        {
          "schema_version": 1,
          "attributes": {
            "arn": "arn:aws:autoscaling:us-east-1:235399281557:autoScalingGroup:0c7e2525-d9b6-4c15-9234-69fae8ad555e:autoScalingGroupName/dev-jenkins-master",
            "availability_zones": [
              "us-east-1a"
            ],
            "capacity_rebalance": false,
            "context": "",
            "default_cooldown": 60,
            "default_instance_warmup": 0,
            "desired_capacity": 1,
            "desired_capacity_type": "",
            "enabled_metrics": null,
            "force_delete": false,
            "force_delete_warm_pool": false,
            "health_check_grace_period": 1000,
            "health_check_type": "ELB",
            "id": "dev-jenkins-master",
            "ignore_failed_scaling_activities": false,
            "initial_lifecycle_hook": [],
            "instance_maintenance_policy": [],
            "instance_refresh": [],
            "launch_configuration": "",
            "launch_template": [
              {
                "id": "lt-063d274c8f649cba7",
                "name": "dev-jenkins-master",
                "version": "$Latest"
              }
            ],
            "load_balancers": [],
            "max_instance_lifetime": 0,
            "max_size": 1,
            "metrics_granularity": "1Minute",
            "min_elb_capacity": null,
            "min_size": 1,
            "mixed_instances_policy": [],
            "name": "dev-jenkins-master",
            "name_prefix": "",
            "placement_group": "",
            "predicted_capacity": 0,
            "protect_from_scale_in": false,
            "service_linked_role_arn": "arn:aws:iam::235399281557:role/aws-service-role/autoscaling.amazonaws.com/AWSServiceRoleForAutoScaling",
            "suspended_processes": null,
            "tag": [],
            "target_group_arns": [],
            "termination_policies": null,
            "timeouts": null,
            "traffic_source": [],
            "vpc_zone_identifier": [
              "subnet-0bb37425535846df9"
            ],
            "wait_for_capacity_timeout": "10m",
            "wait_for_elb_capacity": null,
            "warm_pool": [],
            "warm_pool_size": 0
          },
          "sensitive_attributes": [],
          "private": "eyJlMmJmYjczMC1lY2FhLTExZTYtOGY4OC0zNDM2M2JjN2M0YzAiOnsiZGVsZXRlIjo2MDAwMDAwMDAwMDAsInVwZGF0ZSI6NjAwMDAwMDAwMDAwfSwic2NoZW1hX3ZlcnNpb24iOiIxIn0=",
          "dependencies": [
            "aws_default_subnet.default_az",
            "module.jenkins_ec2.aws_launch_template.aws_module_ec2"
          ],
          "create_before_destroy": true
        }
      ]
    },
    {
      "module": "module.jenkins_ec2",
      "mode": "managed",
      "type": "aws_launch_template",
      "name": "aws_module_ec2",
      "provider": "provider[\"registry.terraform.io/hashicorp/aws\"]",
      "instances": [
        {
          "schema_version": 0,
          "attributes": {
            "arn": "arn:aws:ec2:us-east-1:235399281557:launch-template/lt-063d274c8f649cba7",
            "block_device_mappings": [
              {
                "device_name": "/dev/sdf",
                "ebs": [
                  {
                    "delete_on_termination": "",
                    "encrypted": "",
                    "iops": 0,
                    "kms_key_id": "",
                    "snapshot_id": "",
                    "throughput": 0,
                    "volume_size": 20,
                    "volume_type": "standard"
                  }
                ],
                "no_device": "",
                "virtual_name": ""
              }
            ],
            "capacity_reservation_specification": [],
            "cpu_options": [],
            "credit_specification": [],
            "default_version": 1,
            "description": "",
            "disable_api_stop": false,
            "disable_api_termination": false,
            "ebs_optimized": "",
            "elastic_gpu_specifications": [],
            "elastic_inference_accelerator": [],
            "enclave_options": [],
            "hibernation_options": [],
            "iam_instance_profile": [],
            "id": "lt-063d274c8f649cba7",
            "image_id": "ami-0fff1b9a61dec8a5f",
            "instance_initiated_shutdown_behavior": "",
            "instance_market_options": [],
            "instance_requirements": [],
            "instance_type": "t2.micro",
            "kernel_id": "",
            "key_name": "dev-jenkins-master-test",
            "latest_version": 1,
            "license_specification": [],
            "maintenance_options": [],
            "metadata_options": [],
            "monitoring": [],
            "name": "dev-jenkins-master",
            "name_prefix": "",
            "network_interfaces": [
              {
                "associate_carrier_ip_address": "",
                "associate_public_ip_address": "false",
                "delete_on_termination": "",
                "description": "",
                "device_index": 0,
                "interface_type": "",
                "ipv4_address_count": 0,
                "ipv4_addresses": [],
                "ipv4_prefix_count": 0,
                "ipv4_prefixes": [],
                "ipv6_address_count": 0,
                "ipv6_addresses": [],
                "ipv6_prefix_count": 0,
                "ipv6_prefixes": [],
                "network_card_index": 0,
                "network_interface_id": "",
                "private_ip_address": "",
                "security_groups": [],
                "subnet_id": ""
              }
            ],
            "placement": [],
            "private_dns_name_options": [],
            "ram_disk_id": "",
            "security_group_names": [],
            "tag_specifications": [],
            "tags": {
              "business:CostCenter": "CHANGEME",
              "business:owner": "CHANGEME",
              "info:applicationID": "CHANGEME",
              "info:env": "CHANGEME",
              "stack_id": "dev"
            },
            "tags_all": {
              "business:CostCenter": "CHANGEME",
              "business:owner": "CHANGEME",
              "info:applicationID": "CHANGEME",
              "info:env": "CHANGEME",
              "stack_id": "dev"
            },
            "update_default_version": null,
            "user_data": "",
            "vpc_security_group_ids": []
          },
          "sensitive_attributes": [],
          "private": "bnVsbA==",
          "create_before_destroy": true
        }
      ]
    }
  ],
  "check_results": null
}
